
Microsoft Visual Studio Solution File, Format Version 12.00
# Visual Studio Version 17
VisualStudioVersion = 17.3.32819.101
MinimumVisualStudioVersion = 10.0.40219.1
Project("{FAE04EC0-301F-11D3-BF4B-00C04F79EFBC}") = "Diferentes dimensiones array", "Diferentes dimensiones array\Diferentes dimensiones array.csproj", "{A1FD214F-3631-4EAA-99D5-A8058ADB1FF9}"
EndProject
Global
	GlobalSection(SolutionConfigurationPlatforms) = preSolution
		Debug|Any CPU = Debug|Any CPU
		Release|Any CPU = Release|Any CPU
	EndGlobalSection
	GlobalSection(ProjectConfigurationPlatforms) = postSolution
		{A1FD214F-3631-4EAA-99D5-A8058ADB1FF9}.Debug|Any CPU.ActiveCfg = Debug|Any CPU
		{A1FD214F-3631-4EAA-99D5-A8058ADB1FF9}.Debug|Any CPU.Build.0 = Debug|Any CPU
		{A1FD214F-3631-4EAA-99D5-A8058ADB1FF9}.Release|Any CPU.ActiveCfg = Release|Any CPU
		{A1FD214F-3631-4EAA-99D5-A8058ADB1FF9}.Release|Any CPU.Build.0 = Release|Any CPU
	EndGlobalSection
	GlobalSection(SolutionProperties) = preSolution
		HideSolutionNode = FALSE
	EndGlobalSection
	GlobalSection(ExtensibilityGlobals) = postSolution
		SolutionGuid = {B5E7847A-77E6-43FE-B492-295E490BAED6}
	EndGlobalSection
EndGlobal
